<?xml version="1.0" encoding="UTF-8" standalone="yes" ?>
<CodeBlocks_project_file>
	<FileVersion major="1" minor="6" />
	<Project>
		<Option title="Astro Crisis Final" />
		<Option pch_mode="2" />
		<Option compiler="gcc" />
		<Build>
			<Target title="Debug">
				<Option output="bin/Debug/Astro Crisis Final" prefix_auto="1" extension_auto="1" />
				<Option working_dir="\\psf\Home\Dropbox\Work\Comp\COMP 315\C++\COMP 315\COMP 315" />
				<Option object_output="obj/Debug/" />
				<Option type="1" />
				<Option compiler="gcc" />
				<Option use_console_runner="0" />
				<Compiler>
					<Add option="-g" />
				</Compiler>
				<Linker>
					<Add library="winmm" />
				</Linker>
			</Target>
			<Target title="Release">
				<Option output="bin/Release/Astro Crisis Final" prefix_auto="1" extension_auto="1" />
				<Option working_dir="F:/CodeBlocks/MinGW/bin" />
				<Option object_output="obj/Release/" />
				<Option type="0" />
				<Option compiler="gcc" />
				<Compiler>
					<Add option="-O2" />
				</Compiler>
				<Linker>
					<Add option="-s" />
				</Linker>
			</Target>
		</Build>
		<Compiler>
			<Add option="-Wall" />
			<Add directory="F:/CodeBlocks/MinGW/include" />
		</Compiler>
		<Linker>
			<Add library="freeglut" />
			<Add library="opengl32" />
			<Add library="glu32" />
			<Add library="gdi32" />
			<Add directory="F:/CodeBlocks/MinGW/lib" />
		</Linker>
		<Unit filename="bullet.cpp" />
		<Unit filename="bullet.h" />
		<Unit filename="cam.cpp" />
		<Unit filename="cam.h" />
		<Unit filename="explosions.cpp" />
		<Unit filename="explosions.h" />
		<Unit filename="imageloader.cpp" />
		<Unit filename="imageloader.h" />
		<Unit filename="main.cpp" />
		<Unit filename="model_obj.cpp" />
		<Unit filename="model_obj.h" />
		<Unit filename="npc.cpp" />
		<Unit filename="npc.h" />
		<Unit filename="physics_engine.cpp" />
		<Unit filename="physics_engine.h" />
		<Unit filename="planet.cpp" />
		<Unit filename="planet.h" />
		<Unit filename="player.cpp" />
		<Unit filename="player.h" />
		<Unit filename="point.cpp" />
		<Unit filename="point.h" />
		<Unit filename="world.cpp" />
		<Unit filename="world.h" />
		<Extensions>
			<code_completion />
			<envvars />
			<debugger />
		</Extensions>
	</Project>
</CodeBlocks_project_file>
